
Microsoft Visual Studio Solution File, Format Version 12.00
# Visual Studio Version 17
VisualStudioVersion = 17.0.31903.59
MinimumVisualStudioVersion = 10.0.40219.1
Project("{FAE04EC0-301F-11D3-BF4B-00C04F79EFBC}") = "Api", "Api\Api.csproj", "{BF1C0D3D-672A-42AD-A138-DB8C0E34ED84}"
EndProject
Project("{FAE04EC0-301F-11D3-BF4B-00C04F79EFBC}") = "Application", "Application\Application.csproj", "{075A0817-CAC0-480F-A2EB-8075924147A6}"
EndProject
Project("{FAE04EC0-301F-11D3-BF4B-00C04F79EFBC}") = "Domain", "Domain\Domain.csproj", "{848D628E-4EB3-4A8B-87B7-06F6F4EB5BD9}"
EndProject
Project("{FAE04EC0-301F-11D3-BF4B-00C04F79EFBC}") = "Persistence", "Persistence\Persistence.csproj", "{39B6A02A-E61B-4C59-9576-29F0D3BF849A}"
EndProject
Global
	GlobalSection(SolutionConfigurationPlatforms) = preSolution
		Debug|Any CPU = Debug|Any CPU
		Release|Any CPU = Release|Any CPU
	EndGlobalSection
	GlobalSection(SolutionProperties) = preSolution
		HideSolutionNode = FALSE
	EndGlobalSection
	GlobalSection(ProjectConfigurationPlatforms) = postSolution
		{BF1C0D3D-672A-42AD-A138-DB8C0E34ED84}.Debug|Any CPU.ActiveCfg = Debug|Any CPU
		{BF1C0D3D-672A-42AD-A138-DB8C0E34ED84}.Debug|Any CPU.Build.0 = Debug|Any CPU
		{BF1C0D3D-672A-42AD-A138-DB8C0E34ED84}.Release|Any CPU.ActiveCfg = Release|Any CPU
		{BF1C0D3D-672A-42AD-A138-DB8C0E34ED84}.Release|Any CPU.Build.0 = Release|Any CPU
		{075A0817-CAC0-480F-A2EB-8075924147A6}.Debug|Any CPU.ActiveCfg = Debug|Any CPU
		{075A0817-CAC0-480F-A2EB-8075924147A6}.Debug|Any CPU.Build.0 = Debug|Any CPU
		{075A0817-CAC0-480F-A2EB-8075924147A6}.Release|Any CPU.ActiveCfg = Release|Any CPU
		{075A0817-CAC0-480F-A2EB-8075924147A6}.Release|Any CPU.Build.0 = Release|Any CPU
		{848D628E-4EB3-4A8B-87B7-06F6F4EB5BD9}.Debug|Any CPU.ActiveCfg = Debug|Any CPU
		{848D628E-4EB3-4A8B-87B7-06F6F4EB5BD9}.Debug|Any CPU.Build.0 = Debug|Any CPU
		{848D628E-4EB3-4A8B-87B7-06F6F4EB5BD9}.Release|Any CPU.ActiveCfg = Release|Any CPU
		{848D628E-4EB3-4A8B-87B7-06F6F4EB5BD9}.Release|Any CPU.Build.0 = Release|Any CPU
		{39B6A02A-E61B-4C59-9576-29F0D3BF849A}.Debug|Any CPU.ActiveCfg = Debug|Any CPU
		{39B6A02A-E61B-4C59-9576-29F0D3BF849A}.Debug|Any CPU.Build.0 = Debug|Any CPU
		{39B6A02A-E61B-4C59-9576-29F0D3BF849A}.Release|Any CPU.ActiveCfg = Release|Any CPU
		{39B6A02A-E61B-4C59-9576-29F0D3BF849A}.Release|Any CPU.Build.0 = Release|Any CPU
	EndGlobalSection
EndGlobal
